{
  "name": "ChimeraCord",
  "version": "0.1.0",
  "lockfileVersion": 2,
  "requires": true,
  "packages": {
    "": {
      "name": "ChimeraCord",
      "version": "0.1.0",
      "license": "BSD-2-Clause",
      "dependencies": {
        "electron": "^19.0.0"
      },
      "devDependencies": {
        "electron": "^19.0.0",
        "electron-context-menu": "^3.3.0"
      }
    },
    "node_modules/@electron/get": {
      "version": "1.14.1",
      "dev": true,
      "license": "MIT",
      "dependencies": {
        "debug": "^4.1.1",
        "env-paths": "^2.2.0",
        "fs-extra": "^8.1.0",
        "got": "^9.6.0",
        "progress": "^2.0.3",
        "semver": "^6.2.0",
        "sumchecker": "^3.0.1"
      },
      "engines": {
        "node": ">=8.6"
      },
      "optionalDependencies": {
        "global-agent": "^3.0.0",
        "global-tunnel-ng": "^2.7.1"
      }
    },
    "node_modules/@electron/get/node_modules/global-agent": {
      "version": "3.0.0",
      "resolved": "https://registry.npmjs.org/global-agent/-/global-agent-3.0.0.tgz",
      "integrity": "sha512-PT6XReJ+D07JvGoxQMkT6qji/jVNfX/h364XHZOWeRzy64sSFr+xJ5OX7LI3b4MPQzdL4H8Y8M0xzPpsVMwA8Q==",
      "dev": true,
      "optional": true,
      "dependencies": {
        "boolean": "^3.0.1",
        "es6-error": "^4.1.1",
        "matcher": "^3.0.0",
        "roarr": "^2.15.3",
        "semver": "^7.3.2",
        "serialize-error": "^7.0.1"
      },
      "engines": {
        "node": ">=10.0"
      }
    },
    "node_modules/@electron/get/node_modules/global-agent/node_modules/semver": {
      "version": "7.3.7",
      "resolved": "https://registry.npmjs.org/semver/-/semver-7.3.7.tgz",
      "integrity": "sha512-QlYTucUYOews+WeEujDoEGziz4K6c47V/Bd+LjSSYcA94p+DmINdf7ncaUinThfvZyu13lN9OY1XDxt8C0Tw0g==",
      "dev": true,
      "optional": true,
      "dependencies": {
        "lru-cache": "^6.0.0"
      },
      "bin": {
        "semver": "bin/semver.js"
      },
      "engines": {
        "node": ">=10"
      }
    },
    "node_modules/@sindresorhus/is": {
      "version": "0.14.0",
      "dev": true,
      "license": "MIT",
      "engines": {
        "node": ">=6"
      }
    },
    "node_modules/@szmarczak/http-timer": {
      "version": "1.1.2",
      "dev": true,
      "license": "MIT",
      "dependencies": {
        "defer-to-connect": "^1.0.1"
      },
      "engines": {
        "node": ">=6"
      }
    },
    "node_modules/@types/node": {
      "version": "16.11.45",
      "dev": true,
      "license": "MIT"
    },
    "node_modules/ansi-regex": {
      "version": "5.0.1",
      "dev": true,
      "license": "MIT",
      "engines": {
        "node": ">=8"
      }
    },
    "node_modules/ansi-styles": {
      "version": "4.3.0",
      "dev": true,
      "license": "MIT",
      "dependencies": {
        "color-convert": "^2.0.1"
      },
      "engines": {
        "node": ">=8"
      },
      "funding": {
        "url": "https://github.com/chalk/ansi-styles?sponsor=1"
      }
    },
    "node_modules/astral-regex": {
      "version": "2.0.0",
      "dev": true,
      "license": "MIT",
      "engines": {
        "node": ">=8"
      }
    },
    "node_modules/boolean": {
      "version": "3.2.0",
      "dev": true,
      "license": "MIT",
      "optional": true
    },
    "node_modules/buffer-crc32": {
      "version": "0.2.13",
      "dev": true,
      "license": "MIT",
      "engines": {
        "node": "*"
      }
    },
    "node_modules/buffer-from": {
      "version": "1.1.2",
      "dev": true,
      "license": "MIT"
    },
    "node_modules/cli-truncate": {
      "version": "2.1.0",
      "dev": true,
      "license": "MIT",
      "dependencies": {
        "slice-ansi": "^3.0.0",
        "string-width": "^4.2.0"
      },
      "engines": {
        "node": ">=8"
      },
      "funding": {
        "url": "https://github.com/sponsors/sindresorhus"
      }
    },
    "node_modules/clone-response": {
      "version": "1.0.3",
      "dev": true,
      "license": "MIT",
      "dependencies": {
        "mimic-response": "^1.0.0"
      },
      "funding": {
        "url": "https://github.com/sponsors/sindresorhus"
      }
    },
    "node_modules/color-convert": {
      "version": "2.0.1",
      "dev": true,
      "license": "MIT",
      "dependencies": {
        "color-name": "~1.1.4"
      },
      "engines": {
        "node": ">=7.0.0"
      }
    },
    "node_modules/color-name": {
      "version": "1.1.4",
      "dev": true,
      "license": "MIT"
    },
    "node_modules/concat-stream": {
      "version": "1.6.2",
      "dev": true,
      "engines": [
        "node >= 0.8"
      ],
      "license": "MIT",
      "dependencies": {
        "buffer-from": "^1.0.0",
        "inherits": "^2.0.3",
        "readable-stream": "^2.2.2",
        "typedarray": "^0.0.6"
      }
    },
    "node_modules/config-chain": {
      "version": "1.1.13",
      "dev": true,
      "license": "MIT",
      "optional": true,
      "dependencies": {
        "ini": "^1.3.4",
        "proto-list": "~1.2.1"
      }
    },
    "node_modules/core-util-is": {
      "version": "1.0.3",
      "dev": true,
      "license": "MIT"
    },
    "node_modules/debug": {
      "version": "4.3.4",
      "dev": true,
      "license": "MIT",
      "dependencies": {
        "ms": "2.1.2"
      },
      "engines": {
        "node": ">=6.0"
      },
      "peerDependenciesMeta": {
        "supports-color": {
          "optional": true
        }
      }
    },
    "node_modules/decompress-response": {
      "version": "3.3.0",
      "dev": true,
      "license": "MIT",
      "dependencies": {
        "mimic-response": "^1.0.0"
      },
      "engines": {
        "node": ">=4"
      }
    },
    "node_modules/defer-to-connect": {
      "version": "1.1.3",
      "dev": true,
      "license": "MIT"
    },
    "node_modules/define-properties": {
      "version": "1.1.4",
      "dev": true,
      "license": "MIT",
      "optional": true,
      "dependencies": {
        "has-property-descriptors": "^1.0.0",
        "object-keys": "^1.1.1"
      },
      "engines": {
        "node": ">= 0.4"
      },
      "funding": {
        "url": "https://github.com/sponsors/ljharb"
      }
    },
    "node_modules/detect-node": {
      "version": "2.1.0",
      "dev": true,
      "license": "MIT",
      "optional": true
    },
    "node_modules/duplexer3": {
      "version": "0.1.5",
      "dev": true,
      "license": "BSD-3-Clause"
    },
    "node_modules/electron": {
      "version": "19.0.9",
      "dev": true,
      "hasInstallScript": true,
      "license": "MIT",
      "dependencies": {
        "@electron/get": "^1.14.1",
        "@types/node": "^16.11.26",
        "extract-zip": "^1.0.3"
      },
      "bin": {
        "electron": "cli.js"
      },
      "engines": {
        "node": ">= 8.6"
      }
    },
    "node_modules/electron-context-menu": {
      "version": "3.3.0",
      "resolved": "https://registry.npmjs.org/electron-context-menu/-/electron-context-menu-3.3.0.tgz",
      "integrity": "sha512-7VuDaJQK3ybCm/Buzo9rVhOiZ3VJloHJ/xVtZ4xN6n4fEk1fqOeELSk3tMDVQKnu8pUhayvzsAL0f5tSHwvHAQ==",
      "dev": true,
      "dependencies": {
        "cli-truncate": "^2.1.0",
        "electron-dl": "^3.2.1",
        "electron-is-dev": "^2.0.0"
      },
      "funding": {
        "url": "https://github.com/sponsors/sindresorhus"
      }
    },
    "node_modules/electron-dl": {
      "version": "3.3.1",
      "dev": true,
      "license": "MIT",
      "dependencies": {
        "ext-name": "^5.0.0",
        "pupa": "^2.0.1",
        "unused-filename": "^2.1.0"
      },
      "funding": {
        "url": "https://github.com/sponsors/sindresorhus"
      }
    },
    "node_modules/electron-is-dev": {
      "version": "2.0.0",
      "dev": true,
      "license": "MIT",
      "funding": {
        "url": "https://github.com/sponsors/sindresorhus"
      }
    },
    "node_modules/emoji-regex": {
      "version": "8.0.0",
      "dev": true,
      "license": "MIT"
    },
    "node_modules/encodeurl": {
      "version": "1.0.2",
      "dev": true,
      "license": "MIT",
      "optional": true,
      "engines": {
        "node": ">= 0.8"
      }
    },
    "node_modules/end-of-stream": {
      "version": "1.4.4",
      "dev": true,
      "license": "MIT",
      "dependencies": {
        "once": "^1.4.0"
      }
    },
    "node_modules/env-paths": {
      "version": "2.2.1",
      "dev": true,
      "license": "MIT",
      "engines": {
        "node": ">=6"
      }
    },
    "node_modules/es6-error": {
      "version": "4.1.1",
      "dev": true,
      "license": "MIT",
      "optional": true
    },
    "node_modules/escape-goat": {
      "version": "2.1.1",
      "dev": true,
      "license": "MIT",
      "engines": {
        "node": ">=8"
      }
    },
    "node_modules/escape-string-regexp": {
      "version": "4.0.0",
      "dev": true,
      "license": "MIT",
      "optional": true,
      "engines": {
        "node": ">=10"
      },
      "funding": {
        "url": "https://github.com/sponsors/sindresorhus"
      }
    },
    "node_modules/ext-list": {
      "version": "2.2.2",
      "dev": true,
      "license": "MIT",
      "dependencies": {
        "mime-db": "^1.28.0"
      },
      "engines": {
        "node": ">=0.10.0"
      }
    },
    "node_modules/ext-name": {
      "version": "5.0.0",
      "dev": true,
      "license": "MIT",
      "dependencies": {
        "ext-list": "^2.0.0",
        "sort-keys-length": "^1.0.0"
      },
      "engines": {
        "node": ">=4"
      }
    },
    "node_modules/extract-zip": {
      "version": "1.7.0",
      "dev": true,
      "license": "BSD-2-Clause",
      "dependencies": {
        "concat-stream": "^1.6.2",
        "debug": "^2.6.9",
        "mkdirp": "^0.5.4",
        "yauzl": "^2.10.0"
      },
      "bin": {
        "extract-zip": "cli.js"
      }
    },
    "node_modules/extract-zip/node_modules/debug": {
      "version": "2.6.9",
      "dev": true,
      "license": "MIT",
      "dependencies": {
        "ms": "2.0.0"
      }
    },
    "node_modules/extract-zip/node_modules/ms": {
      "version": "2.0.0",
      "dev": true,
      "license": "MIT"
    },
    "node_modules/fd-slicer": {
      "version": "1.1.0",
      "dev": true,
      "license": "MIT",
      "dependencies": {
        "pend": "~1.2.0"
      }
    },
    "node_modules/fs-extra": {
      "version": "8.1.0",
      "dev": true,
      "license": "MIT",
      "dependencies": {
        "graceful-fs": "^4.2.0",
        "jsonfile": "^4.0.0",
        "universalify": "^0.1.0"
      },
      "engines": {
        "node": ">=6 <7 || >=8"
      }
    },
    "node_modules/function-bind": {
      "version": "1.1.1",
      "dev": true,
      "license": "MIT",
      "optional": true
    },
    "node_modules/get-intrinsic": {
      "version": "1.1.2",
      "dev": true,
      "license": "MIT",
      "optional": true,
      "dependencies": {
        "function-bind": "^1.1.1",
        "has": "^1.0.3",
        "has-symbols": "^1.0.3"
      },
      "funding": {
        "url": "https://github.com/sponsors/ljharb"
      }
    },
    "node_modules/get-stream": {
      "version": "4.1.0",
      "dev": true,
      "license": "MIT",
      "dependencies": {
        "pump": "^3.0.0"
      },
      "engines": {
        "node": ">=6"
      }
    },
    "node_modules/global-tunnel-ng": {
      "version": "2.7.1",
      "dev": true,
      "license": "BSD-3-Clause",
      "optional": true,
      "dependencies": {
        "encodeurl": "^1.0.2",
        "lodash": "^4.17.10",
        "npm-conf": "^1.1.3",
        "tunnel": "^0.0.6"
      },
      "engines": {
        "node": ">=0.10"
      }
    },
    "node_modules/globalthis": {
      "version": "1.0.3",
      "dev": true,
      "license": "MIT",
      "optional": true,
      "dependencies": {
        "define-properties": "^1.1.3"
      },
      "engines": {
        "node": ">= 0.4"
      },
      "funding": {
        "url": "https://github.com/sponsors/ljharb"
      }
    },
    "node_modules/got": {
      "version": "9.6.0",
      "dev": true,
      "license": "MIT",
      "dependencies": {
        "@sindresorhus/is": "^0.14.0",
        "@szmarczak/http-timer": "^1.1.2",
        "cacheable-request": "^6.0.0",
        "decompress-response": "^3.3.0",
        "duplexer3": "^0.1.4",
        "get-stream": "^4.1.0",
        "lowercase-keys": "^1.0.1",
        "mimic-response": "^1.0.1",
        "p-cancelable": "^1.0.0",
        "to-readable-stream": "^1.0.0",
        "url-parse-lax": "^3.0.0"
      },
      "engines": {
        "node": ">=8.6"
      }
    },
    "node_modules/got/node_modules/cacheable-request": {
      "version": "6.1.0",
      "resolved": "https://registry.npmjs.org/cacheable-request/-/cacheable-request-6.1.0.tgz",
      "integrity": "sha512-Oj3cAGPCqOZX7Rz64Uny2GYAZNliQSqfbePrgAQ1wKAihYmCUnraBtJtKcGR4xz7wF+LoJC+ssFZvv5BgF9Igg==",
      "dev": true,
      "dependencies": {
        "clone-response": "^1.0.2",
        "get-stream": "^5.1.0",
        "http-cache-semantics": "^4.0.0",
        "keyv": "^3.0.0",
        "lowercase-keys": "^2.0.0",
        "normalize-url": "^4.1.0",
        "responselike": "^1.0.2"
      },
      "engines": {
        "node": ">=8"
      }
    },
    "node_modules/got/node_modules/cacheable-request/node_modules/get-stream": {
      "version": "5.2.0",
      "resolved": "https://registry.npmjs.org/get-stream/-/get-stream-5.2.0.tgz",
      "integrity": "sha512-nBF+F1rAZVCu/p7rjzgA+Yb4lfYXrpl7a6VmJrU8wF9I1CKvP/QwPNZHnOlwbTkY6dvtFIzFMSyQXbLoTQPRpA==",
      "dev": true,
      "dependencies": {
        "pump": "^3.0.0"
      },
      "engines": {
        "node": ">=8"
      },
      "funding": {
        "url": "https://github.com/sponsors/sindresorhus"
      }
    },
    "node_modules/got/node_modules/cacheable-request/node_modules/lowercase-keys": {
      "version": "2.0.0",
      "resolved": "https://registry.npmjs.org/lowercase-keys/-/lowercase-keys-2.0.0.tgz",
      "integrity": "sha512-tqNXrS78oMOE73NMxK4EMLQsQowWf8jKooH9g7xPavRT706R6bkQJ6DY2Te7QukaZsulxa30wQ7bk0pm4XiHmA==",
      "dev": true,
      "engines": {
        "node": ">=8"
      }
    },
    "node_modules/graceful-fs": {
      "version": "4.2.10",
      "dev": true,
      "license": "ISC"
    },
    "node_modules/has": {
      "version": "1.0.3",
      "dev": true,
      "license": "MIT",
      "optional": true,
      "dependencies": {
        "function-bind": "^1.1.1"
      },
      "engines": {
        "node": ">= 0.4.0"
      }
    },
    "node_modules/has-property-descriptors": {
      "version": "1.0.0",
      "dev": true,
      "license": "MIT",
      "optional": true,
      "dependencies": {
        "get-intrinsic": "^1.1.1"
      },
      "funding": {
        "url": "https://github.com/sponsors/ljharb"
      }
    },
    "node_modules/has-symbols": {
      "version": "1.0.3",
      "dev": true,
      "license": "MIT",
      "optional": true,
      "engines": {
        "node": ">= 0.4"
      },
      "funding": {
        "url": "https://github.com/sponsors/ljharb"
      }
    },
    "node_modules/http-cache-semantics": {
      "version": "4.1.0",
      "dev": true,
      "license": "BSD-2-Clause"
    },
    "node_modules/inherits": {
      "version": "2.0.4",
      "dev": true,
      "license": "ISC"
    },
    "node_modules/ini": {
      "version": "1.3.8",
      "dev": true,
      "license": "ISC",
      "optional": true
    },
    "node_modules/is-fullwidth-code-point": {
      "version": "3.0.0",
      "dev": true,
      "license": "MIT",
      "engines": {
        "node": ">=8"
      }
    },
    "node_modules/is-plain-obj": {
      "version": "1.1.0",
      "dev": true,
      "license": "MIT",
      "engines": {
        "node": ">=0.10.0"
      }
    },
    "node_modules/isarray": {
      "version": "1.0.0",
      "dev": true,
      "license": "MIT"
    },
    "node_modules/json-buffer": {
      "version": "3.0.0",
      "dev": true,
      "license": "MIT"
    },
    "node_modules/json-stringify-safe": {
      "version": "5.0.1",
      "dev": true,
      "license": "ISC",
      "optional": true
    },
    "node_modules/jsonfile": {
      "version": "4.0.0",
      "dev": true,
      "license": "MIT",
      "optionalDependencies": {
        "graceful-fs": "^4.1.6"
      }
    },
    "node_modules/keyv": {
      "version": "3.1.0",
      "dev": true,
      "license": "MIT",
      "dependencies": {
        "json-buffer": "3.0.0"
      }
    },
    "node_modules/lodash": {
      "version": "4.17.21",
      "dev": true,
      "license": "MIT",
      "optional": true
    },
    "node_modules/lowercase-keys": {
      "version": "1.0.1",
      "dev": true,
      "license": "MIT",
      "engines": {
        "node": ">=0.10.0"
      }
    },
    "node_modules/lru-cache": {
      "version": "6.0.0",
      "dev": true,
      "license": "ISC",
      "optional": true,
      "dependencies": {
        "yallist": "^4.0.0"
      },
      "engines": {
        "node": ">=10"
      }
    },
    "node_modules/matcher": {
      "version": "3.0.0",
      "dev": true,
      "license": "MIT",
      "optional": true,
      "dependencies": {
        "escape-string-regexp": "^4.0.0"
      },
      "engines": {
        "node": ">=10"
      }
    },
    "node_modules/mime-db": {
      "version": "1.52.0",
      "dev": true,
      "license": "MIT",
      "engines": {
        "node": ">= 0.6"
      }
    },
    "node_modules/mimic-response": {
      "version": "1.0.1",
      "dev": true,
      "license": "MIT",
      "engines": {
        "node": ">=4"
      }
    },
    "node_modules/minimist": {
      "version": "1.2.6",
      "dev": true,
      "license": "MIT"
    },
    "node_modules/mkdirp": {
      "version": "0.5.6",
      "dev": true,
      "license": "MIT",
      "dependencies": {
        "minimist": "^1.2.6"
      },
      "bin": {
        "mkdirp": "bin/cmd.js"
      }
    },
    "node_modules/modify-filename": {
      "version": "1.1.0",
      "dev": true,
      "license": "MIT",
      "engines": {
        "node": ">=0.10.0"
      }
    },
    "node_modules/ms": {
      "version": "2.1.2",
      "dev": true,
      "license": "MIT"
    },
    "node_modules/normalize-url": {
      "version": "4.5.1",
      "dev": true,
      "license": "MIT",
      "engines": {
        "node": ">=8"
      }
    },
    "node_modules/npm-conf": {
      "version": "1.1.3",
      "dev": true,
      "license": "MIT",
      "optional": true,
      "dependencies": {
        "config-chain": "^1.1.11",
        "pify": "^3.0.0"
      },
      "engines": {
        "node": ">=4"
      }
    },
    "node_modules/object-keys": {
      "version": "1.1.1",
      "dev": true,
      "license": "MIT",
      "optional": true,
      "engines": {
        "node": ">= 0.4"
      }
    },
    "node_modules/once": {
      "version": "1.4.0",
      "dev": true,
      "license": "ISC",
      "dependencies": {
        "wrappy": "1"
      }
    },
    "node_modules/p-cancelable": {
      "version": "1.1.0",
      "dev": true,
      "license": "MIT",
      "engines": {
        "node": ">=6"
      }
    },
    "node_modules/path-exists": {
      "version": "4.0.0",
      "dev": true,
      "license": "MIT",
      "engines": {
        "node": ">=8"
      }
    },
    "node_modules/pend": {
      "version": "1.2.0",
      "dev": true,
      "license": "MIT"
    },
    "node_modules/pify": {
      "version": "3.0.0",
      "dev": true,
      "license": "MIT",
      "optional": true,
      "engines": {
        "node": ">=4"
      }
    },
    "node_modules/prepend-http": {
      "version": "2.0.0",
      "dev": true,
      "license": "MIT",
      "engines": {
        "node": ">=4"
      }
    },
    "node_modules/process-nextick-args": {
      "version": "2.0.1",
      "dev": true,
      "license": "MIT"
    },
    "node_modules/progress": {
      "version": "2.0.3",
      "dev": true,
      "license": "MIT",
      "engines": {
        "node": ">=0.4.0"
      }
    },
    "node_modules/proto-list": {
      "version": "1.2.4",
      "dev": true,
      "license": "ISC",
      "optional": true
    },
    "node_modules/pump": {
      "version": "3.0.0",
      "dev": true,
      "license": "MIT",
      "dependencies": {
        "end-of-stream": "^1.1.0",
        "once": "^1.3.1"
      }
    },
    "node_modules/pupa": {
      "version": "2.1.1",
      "dev": true,
      "license": "MIT",
      "dependencies": {
        "escape-goat": "^2.0.0"
      },
      "engines": {
        "node": ">=8"
      }
    },
    "node_modules/readable-stream": {
      "version": "2.3.7",
      "dev": true,
      "license": "MIT",
      "dependencies": {
        "core-util-is": "~1.0.0",
        "inherits": "~2.0.3",
        "isarray": "~1.0.0",
        "process-nextick-args": "~2.0.0",
        "safe-buffer": "~5.1.1",
        "string_decoder": "~1.1.1",
        "util-deprecate": "~1.0.1"
      }
    },
    "node_modules/responselike": {
      "version": "1.0.2",
      "dev": true,
      "license": "MIT",
      "dependencies": {
        "lowercase-keys": "^1.0.0"
      }
    },
    "node_modules/roarr": {
      "version": "2.15.4",
      "dev": true,
      "license": "BSD-3-Clause",
      "optional": true,
      "dependencies": {
        "boolean": "^3.0.1",
        "detect-node": "^2.0.4",
        "globalthis": "^1.0.1",
        "json-stringify-safe": "^5.0.1",
        "semver-compare": "^1.0.0",
        "sprintf-js": "^1.1.2"
      },
      "engines": {
        "node": ">=8.0"
      }
    },
    "node_modules/safe-buffer": {
      "version": "5.1.2",
      "dev": true,
      "license": "MIT"
    },
    "node_modules/semver": {
      "version": "6.3.0",
      "dev": true,
      "license": "ISC",
      "bin": {
        "semver": "bin/semver.js"
      }
    },
    "node_modules/semver-compare": {
      "version": "1.0.0",
      "dev": true,
      "license": "MIT",
      "optional": true
    },
    "node_modules/serialize-error": {
      "version": "7.0.1",
      "dev": true,
      "license": "MIT",
      "optional": true,
      "dependencies": {
        "type-fest": "^0.13.1"
      },
      "engines": {
        "node": ">=10"
      },
      "funding": {
        "url": "https://github.com/sponsors/sindresorhus"
      }
    },
    "node_modules/slice-ansi": {
      "version": "3.0.0",
      "dev": true,
      "license": "MIT",
      "dependencies": {
        "ansi-styles": "^4.0.0",
        "astral-regex": "^2.0.0",
        "is-fullwidth-code-point": "^3.0.0"
      },
      "engines": {
        "node": ">=8"
      }
    },
    "node_modules/sort-keys": {
      "version": "1.1.2",
      "dev": true,
      "license": "MIT",
      "dependencies": {
        "is-plain-obj": "^1.0.0"
      },
      "engines": {
        "node": ">=0.10.0"
      }
    },
    "node_modules/sort-keys-length": {
      "version": "1.0.1",
      "dev": true,
      "license": "MIT",
      "dependencies": {
        "sort-keys": "^1.0.0"
      },
      "engines": {
        "node": ">=0.10.0"
      }
    },
    "node_modules/sprintf-js": {
      "version": "1.1.2",
      "dev": true,
      "license": "BSD-3-Clause",
      "optional": true
    },
    "node_modules/string_decoder": {
      "version": "1.1.1",
      "dev": true,
      "license": "MIT",
      "dependencies": {
        "safe-buffer": "~5.1.0"
      }
    },
    "node_modules/string-width": {
      "version": "4.2.3",
      "dev": true,
      "license": "MIT",
      "dependencies": {
        "emoji-regex": "^8.0.0",
        "is-fullwidth-code-point": "^3.0.0",
        "strip-ansi": "^6.0.1"
      },
      "engines": {
        "node": ">=8"
      }
    },
    "node_modules/strip-ansi": {
      "version": "6.0.1",
      "dev": true,
      "license": "MIT",
      "dependencies": {
        "ansi-regex": "^5.0.1"
      },
      "engines": {
        "node": ">=8"
      }
    },
    "node_modules/sumchecker": {
      "version": "3.0.1",
      "dev": true,
      "license": "Apache-2.0",
      "dependencies": {
        "debug": "^4.1.0"
      },
      "engines": {
        "node": ">= 8.0"
      }
    },
    "node_modules/to-readable-stream": {
      "version": "1.0.0",
      "dev": true,
      "license": "MIT",
      "engines": {
        "node": ">=6"
      }
    },
    "node_modules/tunnel": {
      "version": "0.0.6",
      "dev": true,
      "license": "MIT",
      "optional": true,
      "engines": {
        "node": ">=0.6.11 <=0.7.0 || >=0.7.3"
      }
    },
    "node_modules/type-fest": {
      "version": "0.13.1",
      "dev": true,
      "license": "(MIT OR CC0-1.0)",
      "optional": true,
      "engines": {
        "node": ">=10"
      },
      "funding": {
        "url": "https://github.com/sponsors/sindresorhus"
      }
    },
    "node_modules/typedarray": {
      "version": "0.0.6",
      "dev": true,
      "license": "MIT"
    },
    "node_modules/universalify": {
      "version": "0.1.2",
      "dev": true,
      "license": "MIT",
      "engines": {
        "node": ">= 4.0.0"
      }
    },
    "node_modules/unused-filename": {
      "version": "2.1.0",
      "dev": true,
      "license": "MIT",
      "dependencies": {
        "modify-filename": "^1.1.0",
        "path-exists": "^4.0.0"
      },
      "engines": {
        "node": ">=8"
      }
    },
    "node_modules/url-parse-lax": {
      "version": "3.0.0",
      "dev": true,
      "license": "MIT",
      "dependencies": {
        "prepend-http": "^2.0.0"
      },
      "engines": {
        "node": ">=4"
      }
    },
    "node_modules/util-deprecate": {
      "version": "1.0.2",
      "dev": true,
      "license": "MIT"
    },
    "node_modules/wrappy": {
      "version": "1.0.2",
      "dev": true,
      "license": "ISC"
    },
    "node_modules/yallist": {
      "version": "4.0.0",
      "dev": true,
      "license": "ISC",
      "optional": true
    },
    "node_modules/yauzl": {
      "version": "2.10.0",
      "dev": true,
      "license": "MIT",
      "dependencies": {
        "buffer-crc32": "~0.2.3",
        "fd-slicer": "~1.1.0"
      }
    }
  },
  "dependencies": {
    "@electron/get": {
      "version": "1.14.1",
      "dev": true,
      "requires": {
        "debug": "^4.1.1",
        "env-paths": "^2.2.0",
        "fs-extra": "^8.1.0",
        "global-agent": "^3.0.0",
        "global-tunnel-ng": "^2.7.1",
        "got": "^9.6.0",
        "progress": "^2.0.3",
        "semver": "^6.2.0",
        "sumchecker": "^3.0.1"
      },
      "dependencies": {
        "global-agent": {
          "version": "3.0.0",
          "resolved": "https://registry.npmjs.org/global-agent/-/global-agent-3.0.0.tgz",
          "integrity": "sha512-PT6XReJ+D07JvGoxQMkT6qji/jVNfX/h364XHZOWeRzy64sSFr+xJ5OX7LI3b4MPQzdL4H8Y8M0xzPpsVMwA8Q==",
          "dev": true,
          "optional": true,
          "requires": {
            "boolean": "^3.0.1",
            "es6-error": "^4.1.1",
            "matcher": "^3.0.0",
            "roarr": "^2.15.3",
            "semver": "^7.3.2",
            "serialize-error": "^7.0.1"
          },
          "dependencies": {
            "semver": {
              "version": "7.3.7",
              "resolved": "https://registry.npmjs.org/semver/-/semver-7.3.7.tgz",
              "integrity": "sha512-QlYTucUYOews+WeEujDoEGziz4K6c47V/Bd+LjSSYcA94p+DmINdf7ncaUinThfvZyu13lN9OY1XDxt8C0Tw0g==",
              "dev": true,
              "optional": true,
              "requires": {
                "lru-cache": "^6.0.0"
              }
            }
          }
        }
      }
    },
    "@sindresorhus/is": {
      "version": "0.14.0",
      "dev": true
    },
    "@szmarczak/http-timer": {
      "version": "1.1.2",
      "dev": true,
      "requires": {
        "defer-to-connect": "^1.0.1"
      }
    },
    "@types/node": {
      "version": "16.11.45",
      "dev": true
    },
    "ansi-regex": {
      "version": "5.0.1",
      "dev": true
    },
    "ansi-styles": {
      "version": "4.3.0",
      "dev": true,
      "requires": {
        "color-convert": "^2.0.1"
      }
    },
    "astral-regex": {
      "version": "2.0.0",
      "dev": true
    },
    "boolean": {
      "version": "3.2.0",
      "dev": true,
      "optional": true
    },
    "buffer-crc32": {
      "version": "0.2.13",
      "dev": true
    },
    "buffer-from": {
      "version": "1.1.2",
      "dev": true
    },
    "cli-truncate": {
      "version": "2.1.0",
      "dev": true,
      "requires": {
        "slice-ansi": "^3.0.0",
        "string-width": "^4.2.0"
      }
    },
    "clone-response": {
      "version": "1.0.3",
      "dev": true,
      "requires": {
        "mimic-response": "^1.0.0"
      }
    },
    "color-convert": {
      "version": "2.0.1",
      "dev": true,
      "requires": {
        "color-name": "~1.1.4"
      }
    },
    "color-name": {
      "version": "1.1.4",
      "dev": true
    },
    "concat-stream": {
      "version": "1.6.2",
      "dev": true,
      "requires": {
        "buffer-from": "^1.0.0",
        "inherits": "^2.0.3",
        "readable-stream": "^2.2.2",
        "typedarray": "^0.0.6"
      }
    },
    "config-chain": {
      "version": "1.1.13",
      "dev": true,
      "optional": true,
      "requires": {
        "ini": "^1.3.4",
        "proto-list": "~1.2.1"
      }
    },
    "core-util-is": {
      "version": "1.0.3",
      "dev": true
    },
    "debug": {
      "version": "4.3.4",
      "dev": true,
      "requires": {
        "ms": "2.1.2"
      }
    },
    "decompress-response": {
      "version": "3.3.0",
      "dev": true,
      "requires": {
        "mimic-response": "^1.0.0"
      }
    },
    "defer-to-connect": {
      "version": "1.1.3",
      "dev": true
    },
    "define-properties": {
      "version": "1.1.4",
      "dev": true,
      "optional": true,
      "requires": {
        "has-property-descriptors": "^1.0.0",
        "object-keys": "^1.1.1"
      }
    },
    "detect-node": {
      "version": "2.1.0",
      "dev": true,
      "optional": true
    },
    "duplexer3": {
      "version": "0.1.5",
      "dev": true
    },
    "electron": {
      "version": "19.0.9",
      "dev": true,
      "requires": {
        "@electron/get": "^1.14.1",
        "@types/node": "^16.11.26",
        "extract-zip": "^1.0.3"
      }
    },
    "electron-context-menu": {
      "version": "3.3.0",
      "resolved": "https://registry.npmjs.org/electron-context-menu/-/electron-context-menu-3.3.0.tgz",
      "integrity": "sha512-7VuDaJQK3ybCm/Buzo9rVhOiZ3VJloHJ/xVtZ4xN6n4fEk1fqOeELSk3tMDVQKnu8pUhayvzsAL0f5tSHwvHAQ==",
      "dev": true,
      "requires": {
        "cli-truncate": "^2.1.0",
        "electron-dl": "^3.2.1",
        "electron-is-dev": "^2.0.0"
      }
    },
    "electron-dl": {
      "version": "3.3.1",
      "dev": true,
      "requires": {
        "ext-name": "^5.0.0",
        "pupa": "^2.0.1",
        "unused-filename": "^2.1.0"
      }
    },
    "electron-is-dev": {
      "version": "2.0.0",
      "dev": true
    },
    "emoji-regex": {
      "version": "8.0.0",
      "dev": true
    },
    "encodeurl": {
      "version": "1.0.2",
      "dev": true,
      "optional": true
    },
    "end-of-stream": {
      "version": "1.4.4",
      "dev": true,
      "requires": {
        "once": "^1.4.0"
      }
    },
    "env-paths": {
      "version": "2.2.1",
      "dev": true
    },
    "es6-error": {
      "version": "4.1.1",
      "dev": true,
      "optional": true
    },
    "escape-goat": {
      "version": "2.1.1",
      "dev": true
    },
    "escape-string-regexp": {
      "version": "4.0.0",
      "dev": true,
      "optional": true
    },
    "ext-list": {
      "version": "2.2.2",
      "dev": true,
      "requires": {
        "mime-db": "^1.28.0"
      }
    },
    "ext-name": {
      "version": "5.0.0",
      "dev": true,
      "requires": {
        "ext-list": "^2.0.0",
        "sort-keys-length": "^1.0.0"
      }
    },
    "extract-zip": {
      "version": "1.7.0",
      "dev": true,
      "requires": {
        "concat-stream": "^1.6.2",
        "debug": "^2.6.9",
        "mkdirp": "^0.5.4",
        "yauzl": "^2.10.0"
      },
      "dependencies": {
        "debug": {
          "version": "2.6.9",
          "dev": true,
          "requires": {
            "ms": "2.0.0"
          }
        },
        "ms": {
          "version": "2.0.0",
          "dev": true
        }
      }
    },
    "fd-slicer": {
      "version": "1.1.0",
      "dev": true,
      "requires": {
        "pend": "~1.2.0"
      }
    },
    "fs-extra": {
      "version": "8.1.0",
      "dev": true,
      "requires": {
        "graceful-fs": "^4.2.0",
        "jsonfile": "^4.0.0",
        "universalify": "^0.1.0"
      }
    },
    "function-bind": {
      "version": "1.1.1",
      "dev": true,
      "optional": true
    },
    "get-intrinsic": {
      "version": "1.1.2",
      "dev": true,
      "optional": true,
      "requires": {
        "function-bind": "^1.1.1",
        "has": "^1.0.3",
        "has-symbols": "^1.0.3"
      }
    },
    "get-stream": {
      "version": "4.1.0",
      "dev": true,
      "requires": {
        "pump": "^3.0.0"
      }
    },
    "global-tunnel-ng": {
      "version": "2.7.1",
      "dev": true,
      "optional": true,
      "requires": {
        "encodeurl": "^1.0.2",
        "lodash": "^4.17.10",
        "npm-conf": "^1.1.3",
        "tunnel": "^0.0.6"
      }
    },
    "globalthis": {
      "version": "1.0.3",
      "dev": true,
      "optional": true,
      "requires": {
        "define-properties": "^1.1.3"
      }
    },
    "got": {
      "version": "9.6.0",
      "dev": true,
      "requires": {
        "@sindresorhus/is": "^0.14.0",
        "@szmarczak/http-timer": "^1.1.2",
        "cacheable-request": "^6.0.0",
        "decompress-response": "^3.3.0",
        "duplexer3": "^0.1.4",
        "get-stream": "^4.1.0",
        "lowercase-keys": "^1.0.1",
        "mimic-response": "^1.0.1",
        "p-cancelable": "^1.0.0",
        "to-readable-stream": "^1.0.0",
        "url-parse-lax": "^3.0.0"
      },
      "dependencies": {
        "cacheable-request": {
          "version": "6.1.0",
          "resolved": "https://registry.npmjs.org/cacheable-request/-/cacheable-request-6.1.0.tgz",
          "integrity": "sha512-Oj3cAGPCqOZX7Rz64Uny2GYAZNliQSqfbePrgAQ1wKAihYmCUnraBtJtKcGR4xz7wF+LoJC+ssFZvv5BgF9Igg==",
          "dev": true,
          "requires": {
            "clone-response": "^1.0.2",
            "get-stream": "^5.1.0",
            "http-cache-semantics": "^4.0.0",
            "keyv": "^3.0.0",
            "lowercase-keys": "^2.0.0",
            "normalize-url": "^4.1.0",
            "responselike": "^1.0.2"
          },
          "dependencies": {
            "get-stream": {
              "version": "5.2.0",
              "resolved": "https://registry.npmjs.org/get-stream/-/get-stream-5.2.0.tgz",
              "integrity": "sha512-nBF+F1rAZVCu/p7rjzgA+Yb4lfYXrpl7a6VmJrU8wF9I1CKvP/QwPNZHnOlwbTkY6dvtFIzFMSyQXbLoTQPRpA==",
              "dev": true,
              "requires": {
                "pump": "^3.0.0"
              }
            },
            "lowercase-keys": {
              "version": "2.0.0",
              "resolved": "https://registry.npmjs.org/lowercase-keys/-/lowercase-keys-2.0.0.tgz",
              "integrity": "sha512-tqNXrS78oMOE73NMxK4EMLQsQowWf8jKooH9g7xPavRT706R6bkQJ6DY2Te7QukaZsulxa30wQ7bk0pm4XiHmA==",
              "dev": true
            }
          }
        }
      }
    },
    "graceful-fs": {
      "version": "4.2.10",
      "dev": true
    },
    "has": {
      "version": "1.0.3",
      "dev": true,
      "optional": true,
      "requires": {
        "function-bind": "^1.1.1"
      }
    },
    "has-property-descriptors": {
      "version": "1.0.0",
      "dev": true,
      "optional": true,
      "requires": {
        "get-intrinsic": "^1.1.1"
      }
    },
    "has-symbols": {
      "version": "1.0.3",
      "dev": true,
      "optional": true
    },
    "http-cache-semantics": {
      "version": "4.1.0",
      "dev": true
    },
    "inherits": {
      "version": "2.0.4",
      "dev": true
    },
    "ini": {
      "version": "1.3.8",
      "dev": true,
      "optional": true
    },
    "is-fullwidth-code-point": {
      "version": "3.0.0",
      "dev": true
    },
    "is-plain-obj": {
      "version": "1.1.0",
      "dev": true
    },
    "isarray": {
      "version": "1.0.0",
      "dev": true
    },
    "json-buffer": {
      "version": "3.0.0",
      "dev": true
    },
    "json-stringify-safe": {
      "version": "5.0.1",
      "dev": true,
      "optional": true
    },
    "jsonfile": {
      "version": "4.0.0",
      "dev": true,
      "requires": {
        "graceful-fs": "^4.1.6"
      }
    },
    "keyv": {
      "version": "3.1.0",
      "dev": true,
      "requires": {
        "json-buffer": "3.0.0"
      }
    },
    "lodash": {
      "version": "4.17.21",
      "dev": true,
      "optional": true
    },
    "lowercase-keys": {
      "version": "1.0.1",
      "dev": true
    },
    "lru-cache": {
      "version": "6.0.0",
      "dev": true,
      "optional": true,
      "requires": {
        "yallist": "^4.0.0"
      }
    },
    "matcher": {
      "version": "3.0.0",
      "dev": true,
      "optional": true,
      "requires": {
        "escape-string-regexp": "^4.0.0"
      }
    },
    "mime-db": {
      "version": "1.52.0",
      "dev": true
    },
    "mimic-response": {
      "version": "1.0.1",
      "dev": true
    },
    "minimist": {
      "version": "1.2.6",
      "dev": true
    },
    "mkdirp": {
      "version": "0.5.6",
      "dev": true,
      "requires": {
        "minimist": "^1.2.6"
      }
    },
    "modify-filename": {
      "version": "1.1.0",
      "dev": true
    },
    "ms": {
      "version": "2.1.2",
      "dev": true
    },
    "normalize-url": {
      "version": "4.5.1",
      "dev": true
    },
    "npm-conf": {
      "version": "1.1.3",
      "dev": true,
      "optional": true,
      "requires": {
        "config-chain": "^1.1.11",
        "pify": "^3.0.0"
      }
    },
    "object-keys": {
      "version": "1.1.1",
      "dev": true,
      "optional": true
    },
    "once": {
      "version": "1.4.0",
      "dev": true,
      "requires": {
        "wrappy": "1"
      }
    },
    "p-cancelable": {
      "version": "1.1.0",
      "dev": true
    },
    "path-exists": {
      "version": "4.0.0",
      "dev": true
    },
    "pend": {
      "version": "1.2.0",
      "dev": true
    },
    "pify": {
      "version": "3.0.0",
      "dev": true,
      "optional": true
    },
    "prepend-http": {
      "version": "2.0.0",
      "dev": true
    },
    "process-nextick-args": {
      "version": "2.0.1",
      "dev": true
    },
    "progress": {
      "version": "2.0.3",
      "dev": true
    },
    "proto-list": {
      "version": "1.2.4",
      "dev": true,
      "optional": true
    },
    "pump": {
      "version": "3.0.0",
      "dev": true,
      "requires": {
        "end-of-stream": "^1.1.0",
        "once": "^1.3.1"
      }
    },
    "pupa": {
      "version": "2.1.1",
      "dev": true,
      "requires": {
        "escape-goat": "^2.0.0"
      }
    },
    "readable-stream": {
      "version": "2.3.7",
      "dev": true,
      "requires": {
        "core-util-is": "~1.0.0",
        "inherits": "~2.0.3",
        "isarray": "~1.0.0",
        "process-nextick-args": "~2.0.0",
        "safe-buffer": "~5.1.1",
        "string_decoder": "~1.1.1",
        "util-deprecate": "~1.0.1"
      }
    },
    "responselike": {
      "version": "1.0.2",
      "dev": true,
      "requires": {
        "lowercase-keys": "^1.0.0"
      }
    },
    "roarr": {
      "version": "2.15.4",
      "dev": true,
      "optional": true,
      "requires": {
        "boolean": "^3.0.1",
        "detect-node": "^2.0.4",
        "globalthis": "^1.0.1",
        "json-stringify-safe": "^5.0.1",
        "semver-compare": "^1.0.0",
        "sprintf-js": "^1.1.2"
      }
    },
    "safe-buffer": {
      "version": "5.1.2",
      "dev": true
    },
    "semver": {
      "version": "6.3.0",
      "dev": true
    },
    "semver-compare": {
      "version": "1.0.0",
      "dev": true,
      "optional": true
    },
    "serialize-error": {
      "version": "7.0.1",
      "dev": true,
      "optional": true,
      "requires": {
        "type-fest": "^0.13.1"
      }
    },
    "slice-ansi": {
      "version": "3.0.0",
      "dev": true,
      "requires": {
        "ansi-styles": "^4.0.0",
        "astral-regex": "^2.0.0",
        "is-fullwidth-code-point": "^3.0.0"
      }
    },
    "sort-keys": {
      "version": "1.1.2",
      "dev": true,
      "requires": {
        "is-plain-obj": "^1.0.0"
      }
    },
    "sort-keys-length": {
      "version": "1.0.1",
      "dev": true,
      "requires": {
        "sort-keys": "^1.0.0"
      }
    },
    "sprintf-js": {
      "version": "1.1.2",
      "dev": true,
      "optional": true
    },
    "string_decoder": {
      "version": "1.1.1",
      "dev": true,
      "requires": {
        "safe-buffer": "~5.1.0"
      }
    },
    "string-width": {
      "version": "4.2.3",
      "dev": true,
      "requires": {
        "emoji-regex": "^8.0.0",
        "is-fullwidth-code-point": "^3.0.0",
        "strip-ansi": "^6.0.1"
      }
    },
    "strip-ansi": {
      "version": "6.0.1",
      "dev": true,
      "requires": {
        "ansi-regex": "^5.0.1"
      }
    },
    "sumchecker": {
      "version": "3.0.1",
      "dev": true,
      "requires": {
        "debug": "^4.1.0"
      }
    },
    "to-readable-stream": {
      "version": "1.0.0",
      "dev": true
    },
    "tunnel": {
      "version": "0.0.6",
      "dev": true,
      "optional": true
    },
    "type-fest": {
      "version": "0.13.1",
      "dev": true,
      "optional": true
    },
    "typedarray": {
      "version": "0.0.6",
      "dev": true
    },
    "universalify": {
      "version": "0.1.2",
      "dev": true
    },
    "unused-filename": {
      "version": "2.1.0",
      "dev": true,
      "requires": {
        "modify-filename": "^1.1.0",
        "path-exists": "^4.0.0"
      }
    },
    "url-parse-lax": {
      "version": "3.0.0",
      "dev": true,
      "requires": {
        "prepend-http": "^2.0.0"
      }
    },
    "util-deprecate": {
      "version": "1.0.2",
      "dev": true
    },
    "wrappy": {
      "version": "1.0.2",
      "dev": true
    },
    "yallist": {
      "version": "4.0.0",
      "dev": true,
      "optional": true
    },
    "yauzl": {
      "version": "2.10.0",
      "dev": true,
      "requires": {
        "buffer-crc32": "~0.2.3",
        "fd-slicer": "~1.1.0"
      }
    }
  }
}
